
Microsoft Visual Studio Solution File, Format Version 12.00
# Visual Studio 2015
Project("{FAE04EC0-301F-11D3-BF4B-00C04F79EFBC}") = "TuziProject.CSharp.Plugins", "TuziProject.CSharp.Plugins.csproj", "{084B21A5-8E3A-9499-BC74-B5E65A574B44}"
EndProject
Project("{FAE04EC0-301F-11D3-BF4B-00C04F79EFBC}") = "TuziProject.CSharp", "TuziProject.CSharp.csproj", "{A844BBB6-A328-2F3B-70F3-F0F25B47A85F}"
EndProject
Project("{FAE04EC0-301F-11D3-BF4B-00C04F79EFBC}") = "TuziProject.CSharp.Editor", "TuziProject.CSharp.Editor.csproj", "{04882AB3-BD56-3F9B-EB83-E4EB7F86F7B4}"
EndProject
Global
	GlobalSection(SolutionConfigurationPlatforms) = preSolution
		Debug|Any CPU = Debug|Any CPU
		Release|Any CPU = Release|Any CPU
	EndGlobalSection
	GlobalSection(ProjectConfigurationPlatforms) = postSolution
		{084B21A5-8E3A-9499-BC74-B5E65A574B44}.Debug|Any CPU.ActiveCfg = Debug|Any CPU
		{084B21A5-8E3A-9499-BC74-B5E65A574B44}.Debug|Any CPU.Build.0 = Debug|Any CPU
		{084B21A5-8E3A-9499-BC74-B5E65A574B44}.Release|Any CPU.ActiveCfg = Release|Any CPU
		{084B21A5-8E3A-9499-BC74-B5E65A574B44}.Release|Any CPU.Build.0 = Release|Any CPU
		{A844BBB6-A328-2F3B-70F3-F0F25B47A85F}.Debug|Any CPU.ActiveCfg = Debug|Any CPU
		{A844BBB6-A328-2F3B-70F3-F0F25B47A85F}.Debug|Any CPU.Build.0 = Debug|Any CPU
		{A844BBB6-A328-2F3B-70F3-F0F25B47A85F}.Release|Any CPU.ActiveCfg = Release|Any CPU
		{A844BBB6-A328-2F3B-70F3-F0F25B47A85F}.Release|Any CPU.Build.0 = Release|Any CPU
		{04882AB3-BD56-3F9B-EB83-E4EB7F86F7B4}.Debug|Any CPU.ActiveCfg = Debug|Any CPU
		{04882AB3-BD56-3F9B-EB83-E4EB7F86F7B4}.Debug|Any CPU.Build.0 = Debug|Any CPU
		{04882AB3-BD56-3F9B-EB83-E4EB7F86F7B4}.Release|Any CPU.ActiveCfg = Release|Any CPU
		{04882AB3-BD56-3F9B-EB83-E4EB7F86F7B4}.Release|Any CPU.Build.0 = Release|Any CPU
	EndGlobalSection
	GlobalSection(SolutionProperties) = preSolution
		HideSolutionNode = FALSE
	EndGlobalSection
EndGlobal
